
Microsoft Visual Studio Solution File, Format Version 12.00
# Visual Studio 15
Project("{FAE04EC0-301F-11D3-BF4B-00C04F79EFBC}") = "Assembly-CSharp", "Assembly-CSharp.csproj", "{B2E9BDC8-F9D5-0C20-CDDD-2B7AB208C875}"
EndProject
Project("{FAE04EC0-301F-11D3-BF4B-00C04F79EFBC}") = "Assembly-CSharp-Editor", "Assembly-CSharp-Editor.csproj", "{CEC86931-7129-E86E-0CA7-887B4D8B8EFA}"
EndProject
Global
	GlobalSection(SolutionConfigurationPlatforms) = preSolution
		Debug|Any CPU = Debug|Any CPU
		Release|Any CPU = Release|Any CPU
	EndGlobalSection
	GlobalSection(ProjectConfigurationPlatforms) = postSolution
		{B2E9BDC8-F9D5-0C20-CDDD-2B7AB208C875}.Debug|Any CPU.ActiveCfg = Debug|Any CPU
		{B2E9BDC8-F9D5-0C20-CDDD-2B7AB208C875}.Debug|Any CPU.Build.0 = Debug|Any CPU
		{B2E9BDC8-F9D5-0C20-CDDD-2B7AB208C875}.Release|Any CPU.ActiveCfg = Release|Any CPU
		{B2E9BDC8-F9D5-0C20-CDDD-2B7AB208C875}.Release|Any CPU.Build.0 = Release|Any CPU
		{CEC86931-7129-E86E-0CA7-887B4D8B8EFA}.Debug|Any CPU.ActiveCfg = Debug|Any CPU
		{CEC86931-7129-E86E-0CA7-887B4D8B8EFA}.Debug|Any CPU.Build.0 = Debug|Any CPU
		{CEC86931-7129-E86E-0CA7-887B4D8B8EFA}.Release|Any CPU.ActiveCfg = Release|Any CPU
		{CEC86931-7129-E86E-0CA7-887B4D8B8EFA}.Release|Any CPU.Build.0 = Release|Any CPU
	EndGlobalSection
	GlobalSection(SolutionProperties) = preSolution
		HideSolutionNode = FALSE
	EndGlobalSection
EndGlobal
